// !$*UTF8*$!
{
	archiveVersion = 1;
	classes = {
	};
	objectVersion = 46;
	objects = {

/* Begin PBXBuildFile section */
		291AEE881C71EDE600DA8DBA /* AppDelegate.swift in Sources */ = {isa = PBXBuildFile; fileRef = 291AEE871C71EDE600DA8DBA /* AppDelegate.swift */; };
		291AEE8A1C71EDE600DA8DBA /* MapViewController.swift in Sources */ = {isa = PBXBuildFile; fileRef = 291AEE891C71EDE600DA8DBA /* MapViewController.swift */; };
		291AEE8F1C71EDE600DA8DBA /* Assets.xcassets in Resources */ = {isa = PBXBuildFile; fileRef = 291AEE8E1C71EDE600DA8DBA /* Assets.xcassets */; };
		291AEE921C71EDE600DA8DBA /* LaunchScreen.storyboard in Resources */ = {isa = PBXBuildFile; fileRef = 291AEE901C71EDE600DA8DBA /* LaunchScreen.storyboard */; };
		2993E4321C7216D60081AC07 /* Main.storyboard in Resources */ = {isa = PBXBuildFile; fileRef = 2993E4311C7216D60081AC07 /* Main.storyboard */; };
		2993E4341C75D2D70081AC07 /* StoreAdvertisement.swift in Sources */ = {isa = PBXBuildFile; fileRef = 2993E4331C75D2D70081AC07 /* StoreAdvertisement.swift */; };
		2993E4361C75D5A20081AC07 /* Advertisement.swift in Sources */ = {isa = PBXBuildFile; fileRef = 2993E4351C75D5A20081AC07 /* Advertisement.swift */; };
		2993E43A1C7736490081AC07 /* pradas-second hand.jpg in Resources */ = {isa = PBXBuildFile; fileRef = 2993E4391C7736490081AC07 /* pradas-second hand.jpg */; };
		5E00175E1C72134C006104E1 /* MapKit.framework in Frameworks */ = {isa = PBXBuildFile; fileRef = 5E00175D1C72134C006104E1 /* MapKit.framework */; };
		5E0017601C721A10006104E1 /* HomeScreenViewController.swift in Sources */ = {isa = PBXBuildFile; fileRef = 5E00175F1C721A10006104E1 /* HomeScreenViewController.swift */; };
		5E445B4D1C7225EE00A37E51 /* PictureManager.swift in Sources */ = {isa = PBXBuildFile; fileRef = 5E445B4C1C7225EE00A37E51 /* PictureManager.swift */; };
		5E6852701C731366008A8FE1 /* PhotoStore.swift in Sources */ = {isa = PBXBuildFile; fileRef = 5E68526F1C731366008A8FE1 /* PhotoStore.swift */; };
		5E6852721C731F70008A8FE1 /* AdvertisementViewController.swift in Sources */ = {isa = PBXBuildFile; fileRef = 5E6852711C731F70008A8FE1 /* AdvertisementViewController.swift */; };
		5E8280F81C75BC5F00A4948A /* AudioToolbox.framework in Frameworks */ = {isa = PBXBuildFile; fileRef = 5E8280F71C75BC5F00A4948A /* AudioToolbox.framework */; };
		5E8280FA1C75BC6B00A4948A /* CFNetwork.framework in Frameworks */ = {isa = PBXBuildFile; fileRef = 5E8280F91C75BC6B00A4948A /* CFNetwork.framework */; };
		5E8280FC1C75BC7700A4948A /* CoreGraphics.framework in Frameworks */ = {isa = PBXBuildFile; fileRef = 5E8280FB1C75BC7700A4948A /* CoreGraphics.framework */; };
		5E8280FE1C75BC8100A4948A /* CoreLocation.framework in Frameworks */ = {isa = PBXBuildFile; fileRef = 5E8280FD1C75BC8100A4948A /* CoreLocation.framework */; };
		5E8281001C75BC8B00A4948A /* QuartzCore.framework in Frameworks */ = {isa = PBXBuildFile; fileRef = 5E8280FF1C75BC8B00A4948A /* QuartzCore.framework */; };
		5E8281021C75BC9300A4948A /* Security.framework in Frameworks */ = {isa = PBXBuildFile; fileRef = 5E8281011C75BC9300A4948A /* Security.framework */; };
		5E8281041C75BC9A00A4948A /* StoreKit.framework in Frameworks */ = {isa = PBXBuildFile; fileRef = 5E8281031C75BC9A00A4948A /* StoreKit.framework */; };
		5E8281061C75BCAF00A4948A /* SystemConfiguration.framework in Frameworks */ = {isa = PBXBuildFile; fileRef = 5E8281051C75BCAF00A4948A /* SystemConfiguration.framework */; };
		5E8281081C75BCBB00A4948A /* libz.tbd in Frameworks */ = {isa = PBXBuildFile; fileRef = 5E8281071C75BCBB00A4948A /* libz.tbd */; };
		5E82810A1C75BCCF00A4948A /* libsqlite3.tbd in Frameworks */ = {isa = PBXBuildFile; fileRef = 5E8281091C75BCCF00A4948A /* libsqlite3.tbd */; };
		5E82810D1C75C09600A4948A /* Obj-C.m in Sources */ = {isa = PBXBuildFile; fileRef = 5E82810C1C75C09600A4948A /* Obj-C.m */; };
		5E8281101C75C2D000A4948A /* MobileCoreServices.framework in Frameworks */ = {isa = PBXBuildFile; fileRef = 5E82810F1C75C2D000A4948A /* MobileCoreServices.framework */; };
		5E8281171C75C41400A4948A /* Bolts.framework in Frameworks */ = {isa = PBXBuildFile; fileRef = 5E8281111C75C41400A4948A /* Bolts.framework */; };
		5E8281181C75C41400A4948A /* Parse.framework in Frameworks */ = {isa = PBXBuildFile; fileRef = 5E8281121C75C41400A4948A /* Parse.framework */; };
		5E8281191C75C41400A4948A /* ParseFacebookUtils.framework in Frameworks */ = {isa = PBXBuildFile; fileRef = 5E8281131C75C41400A4948A /* ParseFacebookUtils.framework */; };
		5E82811A1C75C41400A4948A /* ParseFacebookUtilsV4.framework in Frameworks */ = {isa = PBXBuildFile; fileRef = 5E8281141C75C41400A4948A /* ParseFacebookUtilsV4.framework */; };
		5E82811B1C75C41400A4948A /* ParseTwitterUtils.framework in Frameworks */ = {isa = PBXBuildFile; fileRef = 5E8281151C75C41400A4948A /* ParseTwitterUtils.framework */; };
		5E82811C1C75C41400A4948A /* ParseUI.framework in Frameworks */ = {isa = PBXBuildFile; fileRef = 5E8281161C75C41400A4948A /* ParseUI.framework */; };
/* End PBXBuildFile section */

/* Begin PBXFileReference section */
		291AEE841C71EDE600DA8DBA /* SecondHandBuy.app */ = {isa = PBXFileReference; explicitFileType = wrapper.application; includeInIndex = 0; path = SecondHandBuy.app; sourceTree = BUILT_PRODUCTS_DIR; };
		291AEE871C71EDE600DA8DBA /* AppDelegate.swift */ = {isa = PBXFileReference; lastKnownFileType = sourcecode.swift; path = AppDelegate.swift; sourceTree = "<group>"; };
		291AEE891C71EDE600DA8DBA /* MapViewController.swift */ = {isa = PBXFileReference; lastKnownFileType = sourcecode.swift; path = MapViewController.swift; sourceTree = "<group>"; };
		291AEE8E1C71EDE600DA8DBA /* Assets.xcassets */ = {isa = PBXFileReference; lastKnownFileType = folder.assetcatalog; path = Assets.xcassets; sourceTree = "<group>"; };
		291AEE911C71EDE600DA8DBA /* Base */ = {isa = PBXFileReference; lastKnownFileType = file.storyboard; name = Base; path = Base.lproj/LaunchScreen.storyboard; sourceTree = "<group>"; };
		291AEE931C71EDE600DA8DBA /* Info.plist */ = {isa = PBXFileReference; lastKnownFileType = text.plist.xml; path = Info.plist; sourceTree = "<group>"; };
		2993E4311C7216D60081AC07 /* Main.storyboard */ = {isa = PBXFileReference; fileEncoding = 4; lastKnownFileType = file.storyboard; name = Main.storyboard; path = ../Main.storyboard; sourceTree = "<group>"; };
		2993E4331C75D2D70081AC07 /* StoreAdvertisement.swift */ = {isa = PBXFileReference; fileEncoding = 4; lastKnownFileType = sourcecode.swift; path = StoreAdvertisement.swift; sourceTree = "<group>"; };
		2993E4351C75D5A20081AC07 /* Advertisement.swift */ = {isa = PBXFileReference; fileEncoding = 4; lastKnownFileType = sourcecode.swift; path = Advertisement.swift; sourceTree = "<group>"; };
		2993E4391C7736490081AC07 /* pradas-second hand.jpg */ = {isa = PBXFileReference; lastKnownFileType = image.jpeg; path = "pradas-second hand.jpg"; sourceTree = "<group>"; };
		5E00175D1C72134C006104E1 /* MapKit.framework */ = {isa = PBXFileReference; lastKnownFileType = wrapper.framework; name = MapKit.framework; path = System/Library/Frameworks/MapKit.framework; sourceTree = SDKROOT; };
		5E00175F1C721A10006104E1 /* HomeScreenViewController.swift */ = {isa = PBXFileReference; fileEncoding = 4; lastKnownFileType = sourcecode.swift; path = HomeScreenViewController.swift; sourceTree = "<group>"; };
		5E445B4C1C7225EE00A37E51 /* PictureManager.swift */ = {isa = PBXFileReference; fileEncoding = 4; lastKnownFileType = sourcecode.swift; path = PictureManager.swift; sourceTree = "<group>"; };
		5E68526F1C731366008A8FE1 /* PhotoStore.swift */ = {isa = PBXFileReference; fileEncoding = 4; lastKnownFileType = sourcecode.swift; path = PhotoStore.swift; sourceTree = "<group>"; };
		5E6852711C731F70008A8FE1 /* AdvertisementViewController.swift */ = {isa = PBXFileReference; fileEncoding = 4; lastKnownFileType = sourcecode.swift; path = AdvertisementViewController.swift; sourceTree = "<group>"; };
		5E8280F71C75BC5F00A4948A /* AudioToolbox.framework */ = {isa = PBXFileReference; lastKnownFileType = wrapper.framework; name = AudioToolbox.framework; path = System/Library/Frameworks/AudioToolbox.framework; sourceTree = SDKROOT; };
		5E8280F91C75BC6B00A4948A /* CFNetwork.framework */ = {isa = PBXFileReference; lastKnownFileType = wrapper.framework; name = CFNetwork.framework; path = System/Library/Frameworks/CFNetwork.framework; sourceTree = SDKROOT; };
		5E8280FB1C75BC7700A4948A /* CoreGraphics.framework */ = {isa = PBXFileReference; lastKnownFileType = wrapper.framework; name = CoreGraphics.framework; path = System/Library/Frameworks/CoreGraphics.framework; sourceTree = SDKROOT; };
		5E8280FD1C75BC8100A4948A /* CoreLocation.framework */ = {isa = PBXFileReference; lastKnownFileType = wrapper.framework; name = CoreLocation.framework; path = System/Library/Frameworks/CoreLocation.framework; sourceTree = SDKROOT; };
		5E8280FF1C75BC8B00A4948A /* QuartzCore.framework */ = {isa = PBXFileReference; lastKnownFileType = wrapper.framework; name = QuartzCore.framework; path = System/Library/Frameworks/QuartzCore.framework; sourceTree = SDKROOT; };
		5E8281011C75BC9300A4948A /* Security.framework */ = {isa = PBXFileReference; lastKnownFileType = wrapper.framework; name = Security.framework; path = System/Library/Frameworks/Security.framework; sourceTree = SDKROOT; };
		5E8281031C75BC9A00A4948A /* StoreKit.framework */ = {isa = PBXFileReference; lastKnownFileType = wrapper.framework; name = StoreKit.framework; path = System/Library/Frameworks/StoreKit.framework; sourceTree = SDKROOT; };
		5E8281051C75BCAF00A4948A /* SystemConfiguration.framework */ = {isa = PBXFileReference; lastKnownFileType = wrapper.framework; name = SystemConfiguration.framework; path = System/Library/Frameworks/SystemConfiguration.framework; sourceTree = SDKROOT; };
		5E8281071C75BCBB00A4948A /* libz.tbd */ = {isa = PBXFileReference; lastKnownFileType = "sourcecode.text-based-dylib-definition"; name = libz.tbd; path = usr/lib/libz.tbd; sourceTree = SDKROOT; };
		5E8281091C75BCCF00A4948A /* libsqlite3.tbd */ = {isa = PBXFileReference; lastKnownFileType = "sourcecode.text-based-dylib-definition"; name = libsqlite3.tbd; path = usr/lib/libsqlite3.tbd; sourceTree = SDKROOT; };
		5E82810B1C75C09600A4948A /* SecondHandBuy-Bridging-Header.h */ = {isa = PBXFileReference; lastKnownFileType = sourcecode.c.h; path = "SecondHandBuy-Bridging-Header.h"; sourceTree = "<group>"; };
		5E82810C1C75C09600A4948A /* Obj-C.m */ = {isa = PBXFileReference; fileEncoding = 4; lastKnownFileType = sourcecode.c.objc; path = "Obj-C.m"; sourceTree = "<group>"; };
		5E82810E1C75C1DE00A4948A /* Bridging header.h */ = {isa = PBXFileReference; fileEncoding = 4; lastKnownFileType = sourcecode.c.h; path = "Bridging header.h"; sourceTree = "<group>"; };
		5E82810F1C75C2D000A4948A /* MobileCoreServices.framework */ = {isa = PBXFileReference; lastKnownFileType = wrapper.framework; name = MobileCoreServices.framework; path = System/Library/Frameworks/MobileCoreServices.framework; sourceTree = SDKROOT; };
		5E8281111C75C41400A4948A /* Bolts.framework */ = {isa = PBXFileReference; lastKnownFileType = wrapper.framework; path = Bolts.framework; sourceTree = "<group>"; };
		5E8281121C75C41400A4948A /* Parse.framework */ = {isa = PBXFileReference; lastKnownFileType = wrapper.framework; path = Parse.framework; sourceTree = "<group>"; };
		5E8281131C75C41400A4948A /* ParseFacebookUtils.framework */ = {isa = PBXFileReference; lastKnownFileType = wrapper.framework; path = ParseFacebookUtils.framework; sourceTree = "<group>"; };
		5E8281141C75C41400A4948A /* ParseFacebookUtilsV4.framework */ = {isa = PBXFileReference; lastKnownFileType = wrapper.framework; path = ParseFacebookUtilsV4.framework; sourceTree = "<group>"; };
		5E8281151C75C41400A4948A /* ParseTwitterUtils.framework */ = {isa = PBXFileReference; lastKnownFileType = wrapper.framework; path = ParseTwitterUtils.framework; sourceTree = "<group>"; };
		5E8281161C75C41400A4948A /* ParseUI.framework */ = {isa = PBXFileReference; lastKnownFileType = wrapper.framework; path = ParseUI.framework; sourceTree = "<group>"; };
/* End PBXFileReference section */

/* Begin PBXFrameworksBuildPhase section */
		291AEE811C71EDE600DA8DBA /* Frameworks */ = {
			isa = PBXFrameworksBuildPhase;
			buildActionMask = 2147483647;
			files = (
				5E82811C1C75C41400A4948A /* ParseUI.framework in Frameworks */,
				5E8281101C75C2D000A4948A /* MobileCoreServices.framework in Frameworks */,
				5E82810A1C75BCCF00A4948A /* libsqlite3.tbd in Frameworks */,
				5E8281081C75BCBB00A4948A /* libz.tbd in Frameworks */,
				5E8281061C75BCAF00A4948A /* SystemConfiguration.framework in Frameworks */,
				5E8281041C75BC9A00A4948A /* StoreKit.framework in Frameworks */,
				5E8281021C75BC9300A4948A /* Security.framework in Frameworks */,
				5E8281001C75BC8B00A4948A /* QuartzCore.framework in Frameworks */,
				5E8281171C75C41400A4948A /* Bolts.framework in Frameworks */,
				5E8281191C75C41400A4948A /* ParseFacebookUtils.framework in Frameworks */,
				5E8280FE1C75BC8100A4948A /* CoreLocation.framework in Frameworks */,
				5E82811A1C75C41400A4948A /* ParseFacebookUtilsV4.framework in Frameworks */,
				5E8280FC1C75BC7700A4948A /* CoreGraphics.framework in Frameworks */,
				5E8281181C75C41400A4948A /* Parse.framework in Frameworks */,
				5E8280FA1C75BC6B00A4948A /* CFNetwork.framework in Frameworks */,
				5E82811B1C75C41400A4948A /* ParseTwitterUtils.framework in Frameworks */,
				5E8280F81C75BC5F00A4948A /* AudioToolbox.framework in Frameworks */,
				5E00175E1C72134C006104E1 /* MapKit.framework in Frameworks */,
			);
			runOnlyForDeploymentPostprocessing = 0;
		};
/* End PBXFrameworksBuildPhase section */

/* Begin PBXGroup section */
		291AEE7B1C71EDE600DA8DBA = {
			isa = PBXGroup;
			children = (
				291AEE861C71EDE600DA8DBA /* SecondHandBuy */,
				291AEE851C71EDE600DA8DBA /* Products */,
				5E8281091C75BCCF00A4948A /* libsqlite3.tbd */,
				5E8281071C75BCBB00A4948A /* libz.tbd */,
				5E8281111C75C41400A4948A /* Bolts.framework */,
				5E8281121C75C41400A4948A /* Parse.framework */,
				5E8281131C75C41400A4948A /* ParseFacebookUtils.framework */,
				5E8281141C75C41400A4948A /* ParseFacebookUtilsV4.framework */,
				5E8281151C75C41400A4948A /* ParseTwitterUtils.framework */,
				5E8281161C75C41400A4948A /* ParseUI.framework */,
				5E82810F1C75C2D000A4948A /* MobileCoreServices.framework */,
				5E8281051C75BCAF00A4948A /* SystemConfiguration.framework */,
				5E8281031C75BC9A00A4948A /* StoreKit.framework */,
				5E8281011C75BC9300A4948A /* Security.framework */,
				5E8280FF1C75BC8B00A4948A /* QuartzCore.framework */,
				5E8280FD1C75BC8100A4948A /* CoreLocation.framework */,
				5E8280FB1C75BC7700A4948A /* CoreGraphics.framework */,
				5E8280F91C75BC6B00A4948A /* CFNetwork.framework */,
				5E8280F71C75BC5F00A4948A /* AudioToolbox.framework */,
				5E00175D1C72134C006104E1 /* MapKit.framework */,
			);
			sourceTree = "<group>";
		};
		291AEE851C71EDE600DA8DBA /* Products */ = {
			isa = PBXGroup;
			children = (
				291AEE841C71EDE600DA8DBA /* SecondHandBuy.app */,
			);
			name = Products;
			sourceTree = "<group>";
		};
		291AEE861C71EDE600DA8DBA /* SecondHandBuy */ = {
			isa = PBXGroup;
			children = (
				291AEE871C71EDE600DA8DBA /* AppDelegate.swift */,
				2993E4311C7216D60081AC07 /* Main.storyboard */,
				5E00175F1C721A10006104E1 /* HomeScreenViewController.swift */,
				5E68526F1C731366008A8FE1 /* PhotoStore.swift */,
				291AEE891C71EDE600DA8DBA /* MapViewController.swift */,
				5E6852711C731F70008A8FE1 /* AdvertisementViewController.swift */,
				2993E4331C75D2D70081AC07 /* StoreAdvertisement.swift */,
				2993E4351C75D5A20081AC07 /* Advertisement.swift */,
				5E445B4C1C7225EE00A37E51 /* PictureManager.swift */,
				5E82810C1C75C09600A4948A /* Obj-C.m */,
				291AEE8E1C71EDE600DA8DBA /* Assets.xcassets */,
				291AEE901C71EDE600DA8DBA /* LaunchScreen.storyboard */,
				291AEE931C71EDE600DA8DBA /* Info.plist */,
				5E82810B1C75C09600A4948A /* SecondHandBuy-Bridging-Header.h */,
				5E82810E1C75C1DE00A4948A /* Bridging header.h */,
				2993E4391C7736490081AC07 /* pradas-second hand.jpg */,
			);
			path = SecondHandBuy;
			sourceTree = "<group>";
		};
/* End PBXGroup section */

/* Begin PBXNativeTarget section */
		291AEE831C71EDE600DA8DBA /* SecondHandBuy */ = {
			isa = PBXNativeTarget;
			buildConfigurationList = 291AEE961C71EDE700DA8DBA /* Build configuration list for PBXNativeTarget "SecondHandBuy" */;
			buildPhases = (
				291AEE801C71EDE600DA8DBA /* Sources */,
				291AEE811C71EDE600DA8DBA /* Frameworks */,
				291AEE821C71EDE600DA8DBA /* Resources */,
			);
			buildRules = (
			);
			dependencies = (
			);
			name = SecondHandBuy;
			productName = SecondHandBuy;
			productReference = 291AEE841C71EDE600DA8DBA /* SecondHandBuy.app */;
			productType = "com.apple.product-type.application";
		};
/* End PBXNativeTarget section */

/* Begin PBXProject section */
		291AEE7C1C71EDE600DA8DBA /* Project object */ = {
			isa = PBXProject;
			attributes = {
				LastSwiftUpdateCheck = 0720;
				LastUpgradeCheck = 0720;
				ORGANIZATIONNAME = "Kithin en Stephanie";
				TargetAttributes = {
					291AEE831C71EDE600DA8DBA = {
						CreatedOnToolsVersion = 7.2.1;
						DevelopmentTeam = LABE395DZY;
					};
				};
			};
			buildConfigurationList = 291AEE7F1C71EDE600DA8DBA /* Build configuration list for PBXProject "SecondHandBuy" */;
			compatibilityVersion = "Xcode 3.2";
			developmentRegion = English;
			hasScannedForEncodings = 0;
			knownRegions = (
				en,
				Base,
			);
			mainGroup = 291AEE7B1C71EDE600DA8DBA;
			productRefGroup = 291AEE851C71EDE600DA8DBA /* Products */;
			projectDirPath = "";
			projectRoot = "";
			targets = (
				291AEE831C71EDE600DA8DBA /* SecondHandBuy */,
			);
		};
/* End PBXProject section */

/* Begin PBXResourcesBuildPhase section */
		291AEE821C71EDE600DA8DBA /* Resources */ = {
			isa = PBXResourcesBuildPhase;
			buildActionMask = 2147483647;
			files = (
				2993E43A1C7736490081AC07 /* pradas-second hand.jpg in Resources */,
				291AEE921C71EDE600DA8DBA /* LaunchScreen.storyboard in Resources */,
				291AEE8F1C71EDE600DA8DBA /* Assets.xcassets in Resources */,
				2993E4321C7216D60081AC07 /* Main.storyboard in Resources */,
			);
			runOnlyForDeploymentPostprocessing = 0;
		};
/* End PBXResourcesBuildPhase section */

/* Begin PBXSourcesBuildPhase section */
		291AEE801C71EDE600DA8DBA /* Sources */ = {
			isa = PBXSourcesBuildPhase;
			buildActionMask = 2147483647;
			files = (
				5E6852701C731366008A8FE1 /* PhotoStore.swift in Sources */,
				291AEE8A1C71EDE600DA8DBA /* MapViewController.swift in Sources */,
				291AEE881C71EDE600DA8DBA /* AppDelegate.swift in Sources */,
				2993E4341C75D2D70081AC07 /* StoreAdvertisement.swift in Sources */,
				5E6852721C731F70008A8FE1 /* AdvertisementViewController.swift in Sources */,
				5E82810D1C75C09600A4948A /* Obj-C.m in Sources */,
				5E445B4D1C7225EE00A37E51 /* PictureManager.swift in Sources */,
				5E0017601C721A10006104E1 /* HomeScreenViewController.swift in Sources */,
				2993E4361C75D5A20081AC07 /* Advertisement.swift in Sources */,
			);
			runOnlyForDeploymentPostprocessing = 0;
		};
/* End PBXSourcesBuildPhase section */

/* Begin PBXVariantGroup section */
		291AEE901C71EDE600DA8DBA /* LaunchScreen.storyboard */ = {
			isa = PBXVariantGroup;
			children = (
				291AEE911C71EDE600DA8DBA /* Base */,
			);
			name = LaunchScreen.storyboard;
			sourceTree = "<group>";
		};
/* End PBXVariantGroup section */

/* Begin XCBuildConfiguration section */
		291AEE941C71EDE600DA8DBA /* Debug */ = {
			isa = XCBuildConfiguration;
			buildSettings = {
				ALWAYS_SEARCH_USER_PATHS = NO;
				CLANG_CXX_LANGUAGE_STANDARD = "gnu++0x";
				CLANG_CXX_LIBRARY = "libc++";
				CLANG_ENABLE_MODULES = YES;
				CLANG_ENABLE_OBJC_ARC = YES;
				CLANG_WARN_BOOL_CONVERSION = YES;
				CLANG_WARN_CONSTANT_CONVERSION = YES;
				CLANG_WARN_DIRECT_OBJC_ISA_USAGE = YES_ERROR;
				CLANG_WARN_EMPTY_BODY = YES;
				CLANG_WARN_ENUM_CONVERSION = YES;
				CLANG_WARN_INT_CONVERSION = YES;
				CLANG_WARN_OBJC_ROOT_CLASS = YES_ERROR;
				CLANG_WARN_UNREACHABLE_CODE = YES;
				CLANG_WARN__DUPLICATE_METHOD_MATCH = YES;
				"CODE_SIGN_IDENTITY[sdk=iphoneos*]" = "iPhone Developer";
				COPY_PHASE_STRIP = NO;
				DEBUG_INFORMATION_FORMAT = dwarf;
				ENABLE_STRICT_OBJC_MSGSEND = YES;
				ENABLE_TESTABILITY = YES;
				GCC_C_LANGUAGE_STANDARD = gnu99;
				GCC_DYNAMIC_NO_PIC = NO;
				GCC_NO_COMMON_BLOCKS = YES;
				GCC_OPTIMIZATION_LEVEL = 0;
				GCC_PREPROCESSOR_DEFINITIONS = (
					"DEBUG=1",
					"$(inherited)",
				);
				GCC_WARN_64_TO_32_BIT_CONVERSION = YES;
				GCC_WARN_ABOUT_RETURN_TYPE = YES_ERROR;
				GCC_WARN_UNDECLARED_SELECTOR = YES;
				GCC_WARN_UNINITIALIZED_AUTOS = YES_AGGRESSIVE;
				GCC_WARN_UNUSED_FUNCTION = YES;
				GCC_WARN_UNUSED_VARIABLE = YES;
				IPHONEOS_DEPLOYMENT_TARGET = 9.2;
				MTL_ENABLE_DEBUG_INFO = YES;
				ONLY_ACTIVE_ARCH = YES;
				SDKROOT = iphoneos;
				SWIFT_OPTIMIZATION_LEVEL = "-Onone";
			};
			name = Debug;
		};
		291AEE951C71EDE600DA8DBA /* Release */ = {
			isa = XCBuildConfiguration;
			buildSettings = {
				ALWAYS_SEARCH_USER_PATHS = NO;
				CLANG_CXX_LANGUAGE_STANDARD = "gnu++0x";
				CLANG_CXX_LIBRARY = "libc++";
				CLANG_ENABLE_MODULES = YES;
				CLANG_ENABLE_OBJC_ARC = YES;
				CLANG_WARN_BOOL_CONVERSION = YES;
				CLANG_WARN_CONSTANT_CONVERSION = YES;
				CLANG_WARN_DIRECT_OBJC_ISA_USAGE = YES_ERROR;
				CLANG_WARN_EMPTY_BODY = YES;
				CLANG_WARN_ENUM_CONVERSION = YES;
				CLANG_WARN_INT_CONVERSION = YES;
				CLANG_WARN_OBJC_ROOT_CLASS = YES_ERROR;
				CLANG_WARN_UNREACHABLE_CODE = YES;
				CLANG_WARN__DUPLICATE_METHOD_MATCH = YES;
				"CODE_SIGN_IDENTITY[sdk=iphoneos*]" = "iPhone Developer";
				COPY_PHASE_STRIP = NO;
				DEBUG_INFORMATION_FORMAT = "dwarf-with-dsym";
				ENABLE_NS_ASSERTIONS = NO;
				ENABLE_STRICT_OBJC_MSGSEND = YES;
				GCC_C_LANGUAGE_STANDARD = gnu99;
				GCC_NO_COMMON_BLOCKS = YES;
				GCC_WARN_64_TO_32_BIT_CONVERSION = YES;
				GCC_WARN_ABOUT_RETURN_TYPE = YES_ERROR;
				GCC_WARN_UNDECLARED_SELECTOR = YES;
				GCC_WARN_UNINITIALIZED_AUTOS = YES_AGGRESSIVE;
				GCC_WARN_UNUSED_FUNCTION = YES;
				GCC_WARN_UNUSED_VARIABLE = YES;
				IPHONEOS_DEPLOYMENT_TARGET = 9.2;
				MTL_ENABLE_DEBUG_INFO = NO;
				SDKROOT = iphoneos;
				VALIDATE_PRODUCT = YES;
			};
			name = Release;
		};
		291AEE971C71EDE700DA8DBA /* Debug */ = {
			isa = XCBuildConfiguration;
			buildSettings = {
				ASSETCATALOG_COMPILER_APPICON_NAME = AppIcon;
				CLANG_ENABLE_MODULES = YES;
				CODE_SIGN_IDENTITY = "iPhone Developer";
				"CODE_SIGN_IDENTITY[sdk=iphoneos*]" = "iPhone Developer";
				FRAMEWORK_SEARCH_PATHS = (
					"$(inherited)",
					"$(PROJECT_DIR)",
				);
				INFOPLIST_FILE = SecondHandBuy/Info.plist;
				IPHONEOS_DEPLOYMENT_TARGET = 9.2;
				LD_RUNPATH_SEARCH_PATHS = "$(inherited) @executable_path/Frameworks";
				PRODUCT_BUNDLE_IDENTIFIER = "com.Kithin-en-Stephanie.SecondHandBuy";
				PRODUCT_NAME = "$(TARGET_NAME)";
				PROVISIONING_PROFILE = "";
				SWIFT_OBJC_BRIDGING_HEADER = "SecondHandBuy/SecondHandBuy-Bridging-Header.h";
				SWIFT_OPTIMIZATION_LEVEL = "-Onone";
			};
			name = Debug;
		};
		291AEE981C71EDE700DA8DBA /* Release */ = {
			isa = XCBuildConfiguration;
			buildSettings = {
				ASSETCATALOG_COMPILER_APPICON_NAME = AppIcon;
				CLANG_ENABLE_MODULES = YES;
				CODE_SIGN_IDENTITY = "iPhone Developer";
				"CODE_SIGN_IDENTITY[sdk=iphoneos*]" = "iPhone Developer";
				FRAMEWORK_SEARCH_PATHS = (
					"$(inherited)",
					"$(PROJECT_DIR)",
				);
				INFOPLIST_FILE = SecondHandBuy/Info.plist;
				IPHONEOS_DEPLOYMENT_TARGET = 9.2;
				LD_RUNPATH_SEARCH_PATHS = "$(inherited) @executable_path/Frameworks";
				PRODUCT_BUNDLE_IDENTIFIER = "com.Kithin-en-Stephanie.SecondHandBuy";
				PRODUCT_NAME = "$(TARGET_NAME)";
				PROVISIONING_PROFILE = "";
				SWIFT_OBJC_BRIDGING_HEADER = "SecondHandBuy/SecondHandBuy-Bridging-Header.h";
			};
			name = Release;
		};
/* End XCBuildConfiguration section */

/* Begin XCConfigurationList section */
		291AEE7F1C71EDE600DA8DBA /* Build configuration list for PBXProject "SecondHandBuy" */ = {
			isa = XCConfigurationList;
			buildConfigurations = (
				291AEE941C71EDE600DA8DBA /* Debug */,
				291AEE951C71EDE600DA8DBA /* Release */,
			);
			defaultConfigurationIsVisible = 0;
			defaultConfigurationName = Release;
		};
		291AEE961C71EDE700DA8DBA /* Build configuration list for PBXNativeTarget "SecondHandBuy" */ = {
			isa = XCConfigurationList;
			buildConfigurations = (
				291AEE971C71EDE700DA8DBA /* Debug */,
				291AEE981C71EDE700DA8DBA /* Release */,
			);
			defaultConfigurationIsVisible = 0;
			defaultConfigurationName = Release;
		};
/* End XCConfigurationList section */
	};
	rootObject = 291AEE7C1C71EDE600DA8DBA /* Project object */;
}
